
Microsoft Visual Studio Solution File, Format Version 12.00
# Visual Studio Version 17
VisualStudioVersion = 17.7.34221.43
MinimumVisualStudioVersion = 10.0.40219.1
Project("{FAE04EC0-301F-11D3-BF4B-00C04F79EFBC}") = "PlayerApp", "PlayerApp\PlayerApp.csproj", "{0D04ADD1-5391-410A-9546-002B287757EA}"
EndProject
Global
	GlobalSection(SolutionConfigurationPlatforms) = preSolution
		Debug|Any CPU = Debug|Any CPU
		Release|Any CPU = Release|Any CPU
	EndGlobalSection
	GlobalSection(ProjectConfigurationPlatforms) = postSolution
		{0D04ADD1-5391-410A-9546-002B287757EA}.Debug|Any CPU.ActiveCfg = Debug|Any CPU
		{0D04ADD1-5391-410A-9546-002B287757EA}.Debug|Any CPU.Build.0 = Debug|Any CPU
		{0D04ADD1-5391-410A-9546-002B287757EA}.Release|Any CPU.ActiveCfg = Release|Any CPU
		{0D04ADD1-5391-410A-9546-002B287757EA}.Release|Any CPU.Build.0 = Release|Any CPU
	EndGlobalSection
	GlobalSection(SolutionProperties) = preSolution
		HideSolutionNode = FALSE
	EndGlobalSection
	GlobalSection(ExtensibilityGlobals) = postSolution
		SolutionGuid = {C72C61F5-5DC9-41C9-AFA1-407A011C7B86}
	EndGlobalSection
EndGlobal
